// !$*UTF8*$!
{
	archiveVersion = 1;
	classes = {
	};
	objectVersion = 56;
	objects = {

/* Begin PBXBuildFile section */
		FEE4612C2BAC7EB900052D1D /* AppDelegate.swift in Sources */ = {isa = PBXBuildFile; fileRef = FEE4612B2BAC7EB900052D1D /* AppDelegate.swift */; };
		FEE4612E2BAC7EB900052D1D /* SceneDelegate.swift in Sources */ = {isa = PBXBuildFile; fileRef = FEE4612D2BAC7EB900052D1D /* SceneDelegate.swift */; };
		FEE461302BAC7EB900052D1D /* HomeViewController.swift in Sources */ = {isa = PBXBuildFile; fileRef = FEE4612F2BAC7EB900052D1D /* HomeViewController.swift */; };
		FEE461332BAC7EB900052D1D /* Main.storyboard in Resources */ = {isa = PBXBuildFile; fileRef = FEE461312BAC7EB900052D1D /* Main.storyboard */; };
		FEE461352BAC7EBB00052D1D /* Assets.xcassets in Resources */ = {isa = PBXBuildFile; fileRef = FEE461342BAC7EBB00052D1D /* Assets.xcassets */; };
		FEE461382BAC7EBB00052D1D /* LaunchScreen.storyboard in Resources */ = {isa = PBXBuildFile; fileRef = FEE461362BAC7EBB00052D1D /* LaunchScreen.storyboard */; };
		FEE461432BAC7EBB00052D1D /* WetherAppMMVTests.swift in Sources */ = {isa = PBXBuildFile; fileRef = FEE461422BAC7EBB00052D1D /* WetherAppMMVTests.swift */; };
		FEE4614D2BAC7EBB00052D1D /* WetherAppMMVUITests.swift in Sources */ = {isa = PBXBuildFile; fileRef = FEE4614C2BAC7EBB00052D1D /* WetherAppMMVUITests.swift */; };
		FEE4614F2BAC7EBB00052D1D /* WetherAppMMVUITestsLaunchTests.swift in Sources */ = {isa = PBXBuildFile; fileRef = FEE4614E2BAC7EBB00052D1D /* WetherAppMMVUITestsLaunchTests.swift */; };
		FEE4615E2BAC815500052D1D /* ResultViewController.swift in Sources */ = {isa = PBXBuildFile; fileRef = FEE4615D2BAC815500052D1D /* ResultViewController.swift */; };
/* End PBXBuildFile section */

/* Begin PBXContainerItemProxy section */
		FEE4613F2BAC7EBB00052D1D /* PBXContainerItemProxy */ = {
			isa = PBXContainerItemProxy;
			containerPortal = FEE461202BAC7EB900052D1D /* Project object */;
			proxyType = 1;
			remoteGlobalIDString = FEE461272BAC7EB900052D1D;
			remoteInfo = WetherAppMMV;
		};
		FEE461492BAC7EBB00052D1D /* PBXContainerItemProxy */ = {
			isa = PBXContainerItemProxy;
			containerPortal = FEE461202BAC7EB900052D1D /* Project object */;
			proxyType = 1;
			remoteGlobalIDString = FEE461272BAC7EB900052D1D;
			remoteInfo = WetherAppMMV;
		};
/* End PBXContainerItemProxy section */

/* Begin PBXFileReference section */
		FEE461282BAC7EB900052D1D /* WetherAppMMV.app */ = {isa = PBXFileReference; explicitFileType = wrapper.application; includeInIndex = 0; path = WetherAppMMV.app; sourceTree = BUILT_PRODUCTS_DIR; };
		FEE4612B2BAC7EB900052D1D /* AppDelegate.swift */ = {isa = PBXFileReference; lastKnownFileType = sourcecode.swift; path = AppDelegate.swift; sourceTree = "<group>"; };
		FEE4612D2BAC7EB900052D1D /* SceneDelegate.swift */ = {isa = PBXFileReference; lastKnownFileType = sourcecode.swift; path = SceneDelegate.swift; sourceTree = "<group>"; };
		FEE4612F2BAC7EB900052D1D /* HomeViewController.swift */ = {isa = PBXFileReference; lastKnownFileType = sourcecode.swift; path = HomeViewController.swift; sourceTree = "<group>"; };
		FEE461322BAC7EB900052D1D /* Base */ = {isa = PBXFileReference; lastKnownFileType = file.storyboard; name = Base; path = Base.lproj/Main.storyboard; sourceTree = "<group>"; };
		FEE461342BAC7EBB00052D1D /* Assets.xcassets */ = {isa = PBXFileReference; lastKnownFileType = folder.assetcatalog; path = Assets.xcassets; sourceTree = "<group>"; };
		FEE461372BAC7EBB00052D1D /* Base */ = {isa = PBXFileReference; lastKnownFileType = file.storyboard; name = Base; path = Base.lproj/LaunchScreen.storyboard; sourceTree = "<group>"; };
		FEE461392BAC7EBB00052D1D /* Info.plist */ = {isa = PBXFileReference; lastKnownFileType = text.plist.xml; path = Info.plist; sourceTree = "<group>"; };
		FEE4613E2BAC7EBB00052D1D /* WetherAppMMVTests.xctest */ = {isa = PBXFileReference; explicitFileType = wrapper.cfbundle; includeInIndex = 0; path = WetherAppMMVTests.xctest; sourceTree = BUILT_PRODUCTS_DIR; };
		FEE461422BAC7EBB00052D1D /* WetherAppMMVTests.swift */ = {isa = PBXFileReference; lastKnownFileType = sourcecode.swift; path = WetherAppMMVTests.swift; sourceTree = "<group>"; };
		FEE461482BAC7EBB00052D1D /* WetherAppMMVUITests.xctest */ = {isa = PBXFileReference; explicitFileType = wrapper.cfbundle; includeInIndex = 0; path = WetherAppMMVUITests.xctest; sourceTree = BUILT_PRODUCTS_DIR; };
		FEE4614C2BAC7EBB00052D1D /* WetherAppMMVUITests.swift */ = {isa = PBXFileReference; lastKnownFileType = sourcecode.swift; path = WetherAppMMVUITests.swift; sourceTree = "<group>"; };
		FEE4614E2BAC7EBB00052D1D /* WetherAppMMVUITestsLaunchTests.swift */ = {isa = PBXFileReference; lastKnownFileType = sourcecode.swift; path = WetherAppMMVUITestsLaunchTests.swift; sourceTree = "<group>"; };
		FEE4615D2BAC815500052D1D /* ResultViewController.swift */ = {isa = PBXFileReference; lastKnownFileType = sourcecode.swift; path = ResultViewController.swift; sourceTree = "<group>"; };
/* End PBXFileReference section */

/* Begin PBXFrameworksBuildPhase section */
		FEE461252BAC7EB900052D1D /* Frameworks */ = {
			isa = PBXFrameworksBuildPhase;
			buildActionMask = 2147483647;
			files = (
			);
			runOnlyForDeploymentPostprocessing = 0;
		};
		FEE4613B2BAC7EBB00052D1D /* Frameworks */ = {
			isa = PBXFrameworksBuildPhase;
			buildActionMask = 2147483647;
			files = (
			);
			runOnlyForDeploymentPostprocessing = 0;
		};
		FEE461452BAC7EBB00052D1D /* Frameworks */ = {
			isa = PBXFrameworksBuildPhase;
			buildActionMask = 2147483647;
			files = (
			);
			runOnlyForDeploymentPostprocessing = 0;
		};
/* End PBXFrameworksBuildPhase section */

/* Begin PBXGroup section */
		FEE4611F2BAC7EB900052D1D = {
			isa = PBXGroup;
			children = (
				FEE4612A2BAC7EB900052D1D /* WetherAppMMV */,
				FEE461412BAC7EBB00052D1D /* WetherAppMMVTests */,
				FEE4614B2BAC7EBB00052D1D /* WetherAppMMVUITests */,
				FEE461292BAC7EB900052D1D /* Products */,
			);
			sourceTree = "<group>";
		};
		FEE461292BAC7EB900052D1D /* Products */ = {
			isa = PBXGroup;
			children = (
				FEE461282BAC7EB900052D1D /* WetherAppMMV.app */,
				FEE4613E2BAC7EBB00052D1D /* WetherAppMMVTests.xctest */,
				FEE461482BAC7EBB00052D1D /* WetherAppMMVUITests.xctest */,
			);
			name = Products;
			sourceTree = "<group>";
		};
		FEE4612A2BAC7EB900052D1D /* WetherAppMMV */ = {
			isa = PBXGroup;
			children = (
				FEE4612B2BAC7EB900052D1D /* AppDelegate.swift */,
				FEE4612D2BAC7EB900052D1D /* SceneDelegate.swift */,
				FEE4612F2BAC7EB900052D1D /* HomeViewController.swift */,
				FEE461312BAC7EB900052D1D /* Main.storyboard */,
				FEE461342BAC7EBB00052D1D /* Assets.xcassets */,
				FEE461362BAC7EBB00052D1D /* LaunchScreen.storyboard */,
				FEE461392BAC7EBB00052D1D /* Info.plist */,
				FEE4615D2BAC815500052D1D /* ResultViewController.swift */,
			);
			path = WetherAppMMV;
			sourceTree = "<group>";
		};
		FEE461412BAC7EBB00052D1D /* WetherAppMMVTests */ = {
			isa = PBXGroup;
			children = (
				FEE461422BAC7EBB00052D1D /* WetherAppMMVTests.swift */,
			);
			path = WetherAppMMVTests;
			sourceTree = "<group>";
		};
		FEE4614B2BAC7EBB00052D1D /* WetherAppMMVUITests */ = {
			isa = PBXGroup;
			children = (
				FEE4614C2BAC7EBB00052D1D /* WetherAppMMVUITests.swift */,
				FEE4614E2BAC7EBB00052D1D /* WetherAppMMVUITestsLaunchTests.swift */,
			);
			path = WetherAppMMVUITests;
			sourceTree = "<group>";
		};
/* End PBXGroup section */

/* Begin PBXNativeTarget section */
		FEE461272BAC7EB900052D1D /* WetherAppMMV */ = {
			isa = PBXNativeTarget;
			buildConfigurationList = FEE461522BAC7EBB00052D1D /* Build configuration list for PBXNativeTarget "WetherAppMMV" */;
			buildPhases = (
				FEE461242BAC7EB900052D1D /* Sources */,
				FEE461252BAC7EB900052D1D /* Frameworks */,
				FEE461262BAC7EB900052D1D /* Resources */,
			);
			buildRules = (
			);
			dependencies = (
			);
			name = WetherAppMMV;
			productName = WetherAppMMV;
			productReference = FEE461282BAC7EB900052D1D /* WetherAppMMV.app */;
			productType = "com.apple.product-type.application";
		};
		FEE4613D2BAC7EBB00052D1D /* WetherAppMMVTests */ = {
			isa = PBXNativeTarget;
			buildConfigurationList = FEE461552BAC7EBB00052D1D /* Build configuration list for PBXNativeTarget "WetherAppMMVTests" */;
			buildPhases = (
				FEE4613A2BAC7EBB00052D1D /* Sources */,
				FEE4613B2BAC7EBB00052D1D /* Frameworks */,
				FEE4613C2BAC7EBB00052D1D /* Resources */,
			);
			buildRules = (
			);
			dependencies = (
				FEE461402BAC7EBB00052D1D /* PBXTargetDependency */,
			);
			name = WetherAppMMVTests;
			productName = WetherAppMMVTests;
			productReference = FEE4613E2BAC7EBB00052D1D /* WetherAppMMVTests.xctest */;
			productType = "com.apple.product-type.bundle.unit-test";
		};
		FEE461472BAC7EBB00052D1D /* WetherAppMMVUITests */ = {
			isa = PBXNativeTarget;
			buildConfigurationList = FEE461582BAC7EBB00052D1D /* Build configuration list for PBXNativeTarget "WetherAppMMVUITests" */;
			buildPhases = (
				FEE461442BAC7EBB00052D1D /* Sources */,
				FEE461452BAC7EBB00052D1D /* Frameworks */,
				FEE461462BAC7EBB00052D1D /* Resources */,
			);
			buildRules = (
			);
			dependencies = (
				FEE4614A2BAC7EBB00052D1D /* PBXTargetDependency */,
			);
			name = WetherAppMMVUITests;
			productName = WetherAppMMVUITests;
			productReference = FEE461482BAC7EBB00052D1D /* WetherAppMMVUITests.xctest */;
			productType = "com.apple.product-type.bundle.ui-testing";
		};
/* End PBXNativeTarget section */

/* Begin PBXProject section */
		FEE461202BAC7EB900052D1D /* Project object */ = {
			isa = PBXProject;
			attributes = {
				BuildIndependentTargetsInParallel = 1;
				LastSwiftUpdateCheck = 1520;
				LastUpgradeCheck = 1520;
				TargetAttributes = {
					FEE461272BAC7EB900052D1D = {
						CreatedOnToolsVersion = 15.2;
					};
					FEE4613D2BAC7EBB00052D1D = {
						CreatedOnToolsVersion = 15.2;
						TestTargetID = FEE461272BAC7EB900052D1D;
					};
					FEE461472BAC7EBB00052D1D = {
						CreatedOnToolsVersion = 15.2;
						TestTargetID = FEE461272BAC7EB900052D1D;
					};
				};
			};
			buildConfigurationList = FEE461232BAC7EB900052D1D /* Build configuration list for PBXProject "WetherAppMMV" */;
			compatibilityVersion = "Xcode 14.0";
			developmentRegion = en;
			hasScannedForEncodings = 0;
			knownRegions = (
				en,
				Base,
			);
			mainGroup = FEE4611F2BAC7EB900052D1D;
			productRefGroup = FEE461292BAC7EB900052D1D /* Products */;
			projectDirPath = "";
			projectRoot = "";
			targets = (
				FEE461272BAC7EB900052D1D /* WetherAppMMV */,
				FEE4613D2BAC7EBB00052D1D /* WetherAppMMVTests */,
				FEE461472BAC7EBB00052D1D /* WetherAppMMVUITests */,
			);
		};
/* End PBXProject section */

/* Begin PBXResourcesBuildPhase section */
		FEE461262BAC7EB900052D1D /* Resources */ = {
			isa = PBXResourcesBuildPhase;
			buildActionMask = 2147483647;
			files = (
				FEE461382BAC7EBB00052D1D /* LaunchScreen.storyboard in Resources */,
				FEE461352BAC7EBB00052D1D /* Assets.xcassets in Resources */,
				FEE461332BAC7EB900052D1D /* Main.storyboard in Resources */,
			);
			runOnlyForDeploymentPostprocessing = 0;
		};
		FEE4613C2BAC7EBB00052D1D /* Resources */ = {
			isa = PBXResourcesBuildPhase;
			buildActionMask = 2147483647;
			files = (
			);
			runOnlyForDeploymentPostprocessing = 0;
		};
		FEE461462BAC7EBB00052D1D /* Resources */ = {
			isa = PBXResourcesBuildPhase;
			buildActionMask = 2147483647;
			files = (
			);
			runOnlyForDeploymentPostprocessing = 0;
		};
/* End PBXResourcesBuildPhase section */

/* Begin PBXSourcesBuildPhase section */
		FEE461242BAC7EB900052D1D /* Sources */ = {
			isa = PBXSourcesBuildPhase;
			buildActionMask = 2147483647;
			files = (
				FEE461302BAC7EB900052D1D /* HomeViewController.swift in Sources */,
				FEE4612C2BAC7EB900052D1D /* AppDelegate.swift in Sources */,
				FEE4612E2BAC7EB900052D1D /* SceneDelegate.swift in Sources */,
				FEE4615E2BAC815500052D1D /* ResultViewController.swift in Sources */,
			);
			runOnlyForDeploymentPostprocessing = 0;
		};
		FEE4613A2BAC7EBB00052D1D /* Sources */ = {
			isa = PBXSourcesBuildPhase;
			buildActionMask = 2147483647;
			files = (
				FEE461432BAC7EBB00052D1D /* WetherAppMMVTests.swift in Sources */,
			);
			runOnlyForDeploymentPostprocessing = 0;
		};
		FEE461442BAC7EBB00052D1D /* Sources */ = {
			isa = PBXSourcesBuildPhase;
			buildActionMask = 2147483647;
			files = (
				FEE4614F2BAC7EBB00052D1D /* WetherAppMMVUITestsLaunchTests.swift in Sources */,
				FEE4614D2BAC7EBB00052D1D /* WetherAppMMVUITests.swift in Sources */,
			);
			runOnlyForDeploymentPostprocessing = 0;
		};
/* End PBXSourcesBuildPhase section */

/* Begin PBXTargetDependency section */
		FEE461402BAC7EBB00052D1D /* PBXTargetDependency */ = {
			isa = PBXTargetDependency;
			target = FEE461272BAC7EB900052D1D /* WetherAppMMV */;
			targetProxy = FEE4613F2BAC7EBB00052D1D /* PBXContainerItemProxy */;
		};
		FEE4614A2BAC7EBB00052D1D /* PBXTargetDependency */ = {
			isa = PBXTargetDependency;
			target = FEE461272BAC7EB900052D1D /* WetherAppMMV */;
			targetProxy = FEE461492BAC7EBB00052D1D /* PBXContainerItemProxy */;
		};
/* End PBXTargetDependency section */

/* Begin PBXVariantGroup section */
		FEE461312BAC7EB900052D1D /* Main.storyboard */ = {
			isa = PBXVariantGroup;
			children = (
				FEE461322BAC7EB900052D1D /* Base */,
			);
			name = Main.storyboard;
			sourceTree = "<group>";
		};
		FEE461362BAC7EBB00052D1D /* LaunchScreen.storyboard */ = {
			isa = PBXVariantGroup;
			children = (
				FEE461372BAC7EBB00052D1D /* Base */,
			);
			name = LaunchScreen.storyboard;
			sourceTree = "<group>";
		};
/* End PBXVariantGroup section */

/* Begin XCBuildConfiguration section */
		FEE461502BAC7EBB00052D1D /* Debug */ = {
			isa = XCBuildConfiguration;
			buildSettings = {
				ALWAYS_SEARCH_USER_PATHS = NO;
				ASSETCATALOG_COMPILER_GENERATE_SWIFT_ASSET_SYMBOL_EXTENSIONS = YES;
				CLANG_ANALYZER_NONNULL = YES;
				CLANG_ANALYZER_NUMBER_OBJECT_CONVERSION = YES_AGGRESSIVE;
				CLANG_CXX_LANGUAGE_STANDARD = "gnu++20";
				CLANG_ENABLE_MODULES = YES;
				CLANG_ENABLE_OBJC_ARC = YES;
				CLANG_ENABLE_OBJC_WEAK = YES;
				CLANG_WARN_BLOCK_CAPTURE_AUTORELEASING = YES;
				CLANG_WARN_BOOL_CONVERSION = YES;
				CLANG_WARN_COMMA = YES;
				CLANG_WARN_CONSTANT_CONVERSION = YES;
				CLANG_WARN_DEPRECATED_OBJC_IMPLEMENTATIONS = YES;
				CLANG_WARN_DIRECT_OBJC_ISA_USAGE = YES_ERROR;
				CLANG_WARN_DOCUMENTATION_COMMENTS = YES;
				CLANG_WARN_EMPTY_BODY = YES;
				CLANG_WARN_ENUM_CONVERSION = YES;
				CLANG_WARN_INFINITE_RECURSION = YES;
				CLANG_WARN_INT_CONVERSION = YES;
				CLANG_WARN_NON_LITERAL_NULL_CONVERSION = YES;
				CLANG_WARN_OBJC_IMPLICIT_RETAIN_SELF = YES;
				CLANG_WARN_OBJC_LITERAL_CONVERSION = YES;
				CLANG_WARN_OBJC_ROOT_CLASS = YES_ERROR;
				CLANG_WARN_QUOTED_INCLUDE_IN_FRAMEWORK_HEADER = YES;
				CLANG_WARN_RANGE_LOOP_ANALYSIS = YES;
				CLANG_WARN_STRICT_PROTOTYPES = YES;
				CLANG_WARN_SUSPICIOUS_MOVE = YES;
				CLANG_WARN_UNGUARDED_AVAILABILITY = YES_AGGRESSIVE;
				CLANG_WARN_UNREACHABLE_CODE = YES;
				CLANG_WARN__DUPLICATE_METHOD_MATCH = YES;
				COPY_PHASE_STRIP = NO;
				DEBUG_INFORMATION_FORMAT = dwarf;
				ENABLE_STRICT_OBJC_MSGSEND = YES;
				ENABLE_TESTABILITY = YES;
				ENABLE_USER_SCRIPT_SANDBOXING = YES;
				GCC_C_LANGUAGE_STANDARD = gnu17;
				GCC_DYNAMIC_NO_PIC = NO;
				GCC_NO_COMMON_BLOCKS = YES;
				GCC_OPTIMIZATION_LEVEL = 0;
				GCC_PREPROCESSOR_DEFINITIONS = (
					"DEBUG=1",
					"$(inherited)",
				);
				GCC_WARN_64_TO_32_BIT_CONVERSION = YES;
				GCC_WARN_ABOUT_RETURN_TYPE = YES_ERROR;
				GCC_WARN_UNDECLARED_SELECTOR = YES;
				GCC_WARN_UNINITIALIZED_AUTOS = YES_AGGRESSIVE;
				GCC_WARN_UNUSED_FUNCTION = YES;
				GCC_WARN_UNUSED_VARIABLE = YES;
				IPHONEOS_DEPLOYMENT_TARGET = 17.2;
				LOCALIZATION_PREFERS_STRING_CATALOGS = YES;
				MTL_ENABLE_DEBUG_INFO = INCLUDE_SOURCE;
				MTL_FAST_MATH = YES;
				ONLY_ACTIVE_ARCH = YES;
				SDKROOT = iphoneos;
				SWIFT_ACTIVE_COMPILATION_CONDITIONS = "DEBUG $(inherited)";
				SWIFT_OPTIMIZATION_LEVEL = "-Onone";
			};
			name = Debug;
		};
		FEE461512BAC7EBB00052D1D /* Release */ = {
			isa = XCBuildConfiguration;
			buildSettings = {
				ALWAYS_SEARCH_USER_PATHS = NO;
				ASSETCATALOG_COMPILER_GENERATE_SWIFT_ASSET_SYMBOL_EXTENSIONS = YES;
				CLANG_ANALYZER_NONNULL = YES;
				CLANG_ANALYZER_NUMBER_OBJECT_CONVERSION = YES_AGGRESSIVE;
				CLANG_CXX_LANGUAGE_STANDARD = "gnu++20";
				CLANG_ENABLE_MODULES = YES;
				CLANG_ENABLE_OBJC_ARC = YES;
				CLANG_ENABLE_OBJC_WEAK = YES;
				CLANG_WARN_BLOCK_CAPTURE_AUTORELEASING = YES;
				CLANG_WARN_BOOL_CONVERSION = YES;
				CLANG_WARN_COMMA = YES;
				CLANG_WARN_CONSTANT_CONVERSION = YES;
				CLANG_WARN_DEPRECATED_OBJC_IMPLEMENTATIONS = YES;
				CLANG_WARN_DIRECT_OBJC_ISA_USAGE = YES_ERROR;
				CLANG_WARN_DOCUMENTATION_COMMENTS = YES;
				CLANG_WARN_EMPTY_BODY = YES;
				CLANG_WARN_ENUM_CONVERSION = YES;
				CLANG_WARN_INFINITE_RECURSION = YES;
				CLANG_WARN_INT_CONVERSION = YES;
				CLANG_WARN_NON_LITERAL_NULL_CONVERSION = YES;
				CLANG_WARN_OBJC_IMPLICIT_RETAIN_SELF = YES;
				CLANG_WARN_OBJC_LITERAL_CONVERSION = YES;
				CLANG_WARN_OBJC_ROOT_CLASS = YES_ERROR;
				CLANG_WARN_QUOTED_INCLUDE_IN_FRAMEWORK_HEADER = YES;
				CLANG_WARN_RANGE_LOOP_ANALYSIS = YES;
				CLANG_WARN_STRICT_PROTOTYPES = YES;
				CLANG_WARN_SUSPICIOUS_MOVE = YES;
				CLANG_WARN_UNGUARDED_AVAILABILITY = YES_AGGRESSIVE;
				CLANG_WARN_UNREACHABLE_CODE = YES;
				CLANG_WARN__DUPLICATE_METHOD_MATCH = YES;
				COPY_PHASE_STRIP = NO;
				DEBUG_INFORMATION_FORMAT = "dwarf-with-dsym";
				ENABLE_NS_ASSERTIONS = NO;
				ENABLE_STRICT_OBJC_MSGSEND = YES;
				ENABLE_USER_SCRIPT_SANDBOXING = YES;
				GCC_C_LANGUAGE_STANDARD = gnu17;
				GCC_NO_COMMON_BLOCKS = YES;
				GCC_WARN_64_TO_32_BIT_CONVERSION = YES;
				GCC_WARN_ABOUT_RETURN_TYPE = YES_ERROR;
				GCC_WARN_UNDECLARED_SELECTOR = YES;
				GCC_WARN_UNINITIALIZED_AUTOS = YES_AGGRESSIVE;
				GCC_WARN_UNUSED_FUNCTION = YES;
				GCC_WARN_UNUSED_VARIABLE = YES;
				IPHONEOS_DEPLOYMENT_TARGET = 17.2;
				LOCALIZATION_PREFERS_STRING_CATALOGS = YES;
				MTL_ENABLE_DEBUG_INFO = NO;
				MTL_FAST_MATH = YES;
				SDKROOT = iphoneos;
				SWIFT_COMPILATION_MODE = wholemodule;
				VALIDATE_PRODUCT = YES;
			};
			name = Release;
		};
		FEE461532BAC7EBB00052D1D /* Debug */ = {
			isa = XCBuildConfiguration;
			buildSettings = {
				ASSETCATALOG_COMPILER_APPICON_NAME = AppIcon;
				ASSETCATALOG_COMPILER_GLOBAL_ACCENT_COLOR_NAME = AccentColor;
				CODE_SIGN_STYLE = Automatic;
				CURRENT_PROJECT_VERSION = 1;
				GENERATE_INFOPLIST_FILE = YES;
				INFOPLIST_FILE = WetherAppMMV/Info.plist;
				INFOPLIST_KEY_UIApplicationSupportsIndirectInputEvents = YES;
				INFOPLIST_KEY_UILaunchStoryboardName = LaunchScreen;
				INFOPLIST_KEY_UIMainStoryboardFile = Main;
				INFOPLIST_KEY_UISupportedInterfaceOrientations_iPad = "UIInterfaceOrientationPortrait UIInterfaceOrientationPortraitUpsideDown UIInterfaceOrientationLandscapeLeft UIInterfaceOrientationLandscapeRight";
				INFOPLIST_KEY_UISupportedInterfaceOrientations_iPhone = "UIInterfaceOrientationPortrait UIInterfaceOrientationLandscapeLeft UIInterfaceOrientationLandscapeRight";
				IPHONEOS_DEPLOYMENT_TARGET = 15.5;
				LD_RUNPATH_SEARCH_PATHS = (
					"$(inherited)",
					"@executable_path/Frameworks",
				);
				MARKETING_VERSION = 1.0;
				PRODUCT_BUNDLE_IDENTIFIER = nwmsu.WetherAppMMV;
				PRODUCT_NAME = "$(TARGET_NAME)";
				SWIFT_EMIT_LOC_STRINGS = YES;
				SWIFT_VERSION = 5.0;
				TARGETED_DEVICE_FAMILY = "1,2";
			};
			name = Debug;
		};
		FEE461542BAC7EBB00052D1D /* Release */ = {
			isa = XCBuildConfiguration;
			buildSettings = {
				ASSETCATALOG_COMPILER_APPICON_NAME = AppIcon;
				ASSETCATALOG_COMPILER_GLOBAL_ACCENT_COLOR_NAME = AccentColor;
				CODE_SIGN_STYLE = Automatic;
				CURRENT_PROJECT_VERSION = 1;
				GENERATE_INFOPLIST_FILE = YES;
				INFOPLIST_FILE = WetherAppMMV/Info.plist;
				INFOPLIST_KEY_UIApplicationSupportsIndirectInputEvents = YES;
				INFOPLIST_KEY_UILaunchStoryboardName = LaunchScreen;
				INFOPLIST_KEY_UIMainStoryboardFile = Main;
				INFOPLIST_KEY_UISupportedInterfaceOrientations_iPad = "UIInterfaceOrientationPortrait UIInterfaceOrientationPortraitUpsideDown UIInterfaceOrientationLandscapeLeft UIInterfaceOrientationLandscapeRight";
				INFOPLIST_KEY_UISupportedInterfaceOrientations_iPhone = "UIInterfaceOrientationPortrait UIInterfaceOrientationLandscapeLeft UIInterfaceOrientationLandscapeRight";
				IPHONEOS_DEPLOYMENT_TARGET = 15.5;
				LD_RUNPATH_SEARCH_PATHS = (
					"$(inherited)",
					"@executable_path/Frameworks",
				);
				MARKETING_VERSION = 1.0;
				PRODUCT_BUNDLE_IDENTIFIER = nwmsu.WetherAppMMV;
				PRODUCT_NAME = "$(TARGET_NAME)";
				SWIFT_EMIT_LOC_STRINGS = YES;
				SWIFT_VERSION = 5.0;
				TARGETED_DEVICE_FAMILY = "1,2";
			};
			name = Release;
		};
		FEE461562BAC7EBB00052D1D /* Debug */ = {
			isa = XCBuildConfiguration;
			buildSettings = {
				ALWAYS_EMBED_SWIFT_STANDARD_LIBRARIES = YES;
				BUNDLE_LOADER = "$(TEST_HOST)";
				CODE_SIGN_STYLE = Automatic;
				CURRENT_PROJECT_VERSION = 1;
				GENERATE_INFOPLIST_FILE = YES;
				IPHONEOS_DEPLOYMENT_TARGET = 17.2;
				MARKETING_VERSION = 1.0;
				PRODUCT_BUNDLE_IDENTIFIER = nwmsu.WetherAppMMVTests;
				PRODUCT_NAME = "$(TARGET_NAME)";
				SWIFT_EMIT_LOC_STRINGS = NO;
				SWIFT_VERSION = 5.0;
				TARGETED_DEVICE_FAMILY = "1,2";
				TEST_HOST = "$(BUILT_PRODUCTS_DIR)/WetherAppMMV.app/$(BUNDLE_EXECUTABLE_FOLDER_PATH)/WetherAppMMV";
			};
			name = Debug;
		};
		FEE461572BAC7EBB00052D1D /* Release */ = {
			isa = XCBuildConfiguration;
			buildSettings = {
				ALWAYS_EMBED_SWIFT_STANDARD_LIBRARIES = YES;
				BUNDLE_LOADER = "$(TEST_HOST)";
				CODE_SIGN_STYLE = Automatic;
				CURRENT_PROJECT_VERSION = 1;
				GENERATE_INFOPLIST_FILE = YES;
				IPHONEOS_DEPLOYMENT_TARGET = 17.2;
				MARKETING_VERSION = 1.0;
				PRODUCT_BUNDLE_IDENTIFIER = nwmsu.WetherAppMMVTests;
				PRODUCT_NAME = "$(TARGET_NAME)";
				SWIFT_EMIT_LOC_STRINGS = NO;
				SWIFT_VERSION = 5.0;
				TARGETED_DEVICE_FAMILY = "1,2";
				TEST_HOST = "$(BUILT_PRODUCTS_DIR)/WetherAppMMV.app/$(BUNDLE_EXECUTABLE_FOLDER_PATH)/WetherAppMMV";
			};
			name = Release;
		};
		FEE461592BAC7EBB00052D1D /* Debug */ = {
			isa = XCBuildConfiguration;
			buildSettings = {
				ALWAYS_EMBED_SWIFT_STANDARD_LIBRARIES = YES;
				CODE_SIGN_STYLE = Automatic;
				CURRENT_PROJECT_VERSION = 1;
				GENERATE_INFOPLIST_FILE = YES;
				MARKETING_VERSION = 1.0;
				PRODUCT_BUNDLE_IDENTIFIER = nwmsu.WetherAppMMVUITests;
				PRODUCT_NAME = "$(TARGET_NAME)";
				SWIFT_EMIT_LOC_STRINGS = NO;
				SWIFT_VERSION = 5.0;
				TARGETED_DEVICE_FAMILY = "1,2";
				TEST_TARGET_NAME = WetherAppMMV;
			};
			name = Debug;
		};
		FEE4615A2BAC7EBB00052D1D /* Release */ = {
			isa = XCBuildConfiguration;
			buildSettings = {
				ALWAYS_EMBED_SWIFT_STANDARD_LIBRARIES = YES;
				CODE_SIGN_STYLE = Automatic;
				CURRENT_PROJECT_VERSION = 1;
				GENERATE_INFOPLIST_FILE = YES;
				MARKETING_VERSION = 1.0;
				PRODUCT_BUNDLE_IDENTIFIER = nwmsu.WetherAppMMVUITests;
				PRODUCT_NAME = "$(TARGET_NAME)";
				SWIFT_EMIT_LOC_STRINGS = NO;
				SWIFT_VERSION = 5.0;
				TARGETED_DEVICE_FAMILY = "1,2";
				TEST_TARGET_NAME = WetherAppMMV;
			};
			name = Release;
		};
/* End XCBuildConfiguration section */

/* Begin XCConfigurationList section */
		FEE461232BAC7EB900052D1D /* Build configuration list for PBXProject "WetherAppMMV" */ = {
			isa = XCConfigurationList;
			buildConfigurations = (
				FEE461502BAC7EBB00052D1D /* Debug */,
				FEE461512BAC7EBB00052D1D /* Release */,
			);
			defaultConfigurationIsVisible = 0;
			defaultConfigurationName = Release;
		};
		FEE461522BAC7EBB00052D1D /* Build configuration list for PBXNativeTarget "WetherAppMMV" */ = {
			isa = XCConfigurationList;
			buildConfigurations = (
				FEE461532BAC7EBB00052D1D /* Debug */,
				FEE461542BAC7EBB00052D1D /* Release */,
			);
			defaultConfigurationIsVisible = 0;
			defaultConfigurationName = Release;
		};
		FEE461552BAC7EBB00052D1D /* Build configuration list for PBXNativeTarget "WetherAppMMVTests" */ = {
			isa = XCConfigurationList;
			buildConfigurations = (
				FEE461562BAC7EBB00052D1D /* Debug */,
				FEE461572BAC7EBB00052D1D /* Release */,
			);
			defaultConfigurationIsVisible = 0;
			defaultConfigurationName = Release;
		};
		FEE461582BAC7EBB00052D1D /* Build configuration list for PBXNativeTarget "WetherAppMMVUITests" */ = {
			isa = XCConfigurationList;
			buildConfigurations = (
				FEE461592BAC7EBB00052D1D /* Debug */,
				FEE4615A2BAC7EBB00052D1D /* Release */,
			);
			defaultConfigurationIsVisible = 0;
			defaultConfigurationName = Release;
		};
/* End XCConfigurationList section */
	};
	rootObject = FEE461202BAC7EB900052D1D /* Project object */;
}
